
Microsoft Visual Studio Solution File, Format Version 12.00
# Visual Studio 15
VisualStudioVersion = 15.0.28307.705
MinimumVisualStudioVersion = 10.0.40219.1
Project("{8BC9CEB8-8B4A-11D0-8D11-00A0C91BC942}") = "question2", "question2\question2.vcxproj", "{10EF6E3E-21BA-40C2-9441-48901B327273}"
EndProject
Project("{8BC9CEB8-8B4A-11D0-8D11-00A0C91BC942}") = "question3", "question3\question3.vcxproj", "{F70CA9D0-13E6-4768-9EB8-0B3FAAFBFC20}"
EndProject
Project("{8BC9CEB8-8B4A-11D0-8D11-00A0C91BC942}") = "question4", "question4\question4.vcxproj", "{84B73F10-B03B-4D76-AD83-AB4989F84B93}"
EndProject
Project("{8BC9CEB8-8B4A-11D0-8D11-00A0C91BC942}") = "question5", "question5\question5.vcxproj", "{ED1E3AD6-232B-48B4-B086-4144FB03BD87}"
EndProject
Global
	GlobalSection(SolutionConfigurationPlatforms) = preSolution
		Debug|x64 = Debug|x64
		Debug|x86 = Debug|x86
		Release|x64 = Release|x64
		Release|x86 = Release|x86
	EndGlobalSection
	GlobalSection(ProjectConfigurationPlatforms) = postSolution
		{10EF6E3E-21BA-40C2-9441-48901B327273}.Debug|x64.ActiveCfg = Debug|x64
		{10EF6E3E-21BA-40C2-9441-48901B327273}.Debug|x64.Build.0 = Debug|x64
		{10EF6E3E-21BA-40C2-9441-48901B327273}.Debug|x86.ActiveCfg = Debug|Win32
		{10EF6E3E-21BA-40C2-9441-48901B327273}.Debug|x86.Build.0 = Debug|Win32
		{10EF6E3E-21BA-40C2-9441-48901B327273}.Release|x64.ActiveCfg = Release|x64
		{10EF6E3E-21BA-40C2-9441-48901B327273}.Release|x64.Build.0 = Release|x64
		{10EF6E3E-21BA-40C2-9441-48901B327273}.Release|x86.ActiveCfg = Release|Win32
		{10EF6E3E-21BA-40C2-9441-48901B327273}.Release|x86.Build.0 = Release|Win32
		{F70CA9D0-13E6-4768-9EB8-0B3FAAFBFC20}.Debug|x64.ActiveCfg = Debug|x64
		{F70CA9D0-13E6-4768-9EB8-0B3FAAFBFC20}.Debug|x64.Build.0 = Debug|x64
		{F70CA9D0-13E6-4768-9EB8-0B3FAAFBFC20}.Debug|x86.ActiveCfg = Debug|Win32
		{F70CA9D0-13E6-4768-9EB8-0B3FAAFBFC20}.Debug|x86.Build.0 = Debug|Win32
		{F70CA9D0-13E6-4768-9EB8-0B3FAAFBFC20}.Release|x64.ActiveCfg = Release|x64
		{F70CA9D0-13E6-4768-9EB8-0B3FAAFBFC20}.Release|x64.Build.0 = Release|x64
		{F70CA9D0-13E6-4768-9EB8-0B3FAAFBFC20}.Release|x86.ActiveCfg = Release|Win32
		{F70CA9D0-13E6-4768-9EB8-0B3FAAFBFC20}.Release|x86.Build.0 = Release|Win32
		{84B73F10-B03B-4D76-AD83-AB4989F84B93}.Debug|x64.ActiveCfg = Debug|x64
		{84B73F10-B03B-4D76-AD83-AB4989F84B93}.Debug|x64.Build.0 = Debug|x64
		{84B73F10-B03B-4D76-AD83-AB4989F84B93}.Debug|x86.ActiveCfg = Debug|Win32
		{84B73F10-B03B-4D76-AD83-AB4989F84B93}.Debug|x86.Build.0 = Debug|Win32
		{84B73F10-B03B-4D76-AD83-AB4989F84B93}.Release|x64.ActiveCfg = Release|x64
		{84B73F10-B03B-4D76-AD83-AB4989F84B93}.Release|x64.Build.0 = Release|x64
		{84B73F10-B03B-4D76-AD83-AB4989F84B93}.Release|x86.ActiveCfg = Release|Win32
		{84B73F10-B03B-4D76-AD83-AB4989F84B93}.Release|x86.Build.0 = Release|Win32
		{ED1E3AD6-232B-48B4-B086-4144FB03BD87}.Debug|x64.ActiveCfg = Debug|x64
		{ED1E3AD6-232B-48B4-B086-4144FB03BD87}.Debug|x64.Build.0 = Debug|x64
		{ED1E3AD6-232B-48B4-B086-4144FB03BD87}.Debug|x86.ActiveCfg = Debug|Win32
		{ED1E3AD6-232B-48B4-B086-4144FB03BD87}.Debug|x86.Build.0 = Debug|Win32
		{ED1E3AD6-232B-48B4-B086-4144FB03BD87}.Release|x64.ActiveCfg = Release|x64
		{ED1E3AD6-232B-48B4-B086-4144FB03BD87}.Release|x64.Build.0 = Release|x64
		{ED1E3AD6-232B-48B4-B086-4144FB03BD87}.Release|x86.ActiveCfg = Release|Win32
		{ED1E3AD6-232B-48B4-B086-4144FB03BD87}.Release|x86.Build.0 = Release|Win32
	EndGlobalSection
	GlobalSection(SolutionProperties) = preSolution
		HideSolutionNode = FALSE
	EndGlobalSection
	GlobalSection(ExtensibilityGlobals) = postSolution
		SolutionGuid = {4BE79722-FC06-4E67-A943-A88D867E20AE}
	EndGlobalSection
EndGlobal
